{
  "name": "dependabot-yarn-and-npm-test",
  "version": "1.0.0",
  "lockfileVersion": 2,
  "requires": true,
  "packages": {
    "": {
      "version": "1.0.0",
      "license": "ISC",
      "dependencies": {
        "marked": "^15.0.1"
      }
    },
    "node_modules/marked": {
      "version": "15.0.1",
      "resolved": "https://registry.npmjs.org/marked/-/marked-15.0.1.tgz",
      "integrity": "sha512-VnnE19XO2Vb2oZeH8quAepfrb6Aaz4OoY8yZQACfuy/5KVJ0GxYC0Qxzz/iuc+g5UF7H0HJ+QROfvH26XeBdDA==",
      "bin": {
        "marked": "bin/marked.js"
      },
      "engines": {
        "node": ">= 18"
      }
    }
  },
  "dependencies": {
    "marked": {
      "version": "15.0.1",
      "resolved": "https://registry.npmjs.org/marked/-/marked-15.0.1.tgz",
      "integrity": "sha512-VnnE19XO2Vb2oZeH8quAepfrb6Aaz4OoY8yZQACfuy/5KVJ0GxYC0Qxzz/iuc+g5UF7H0HJ+QROfvH26XeBdDA=="
    }
  }
}
