# THIS IS AN AUTOGENERATED FILE. DO NOT EDIT THIS FILE DIRECTLY.
# yarn lockfile v1


marked@^15.0.1:
  version "15.0.1"
  resolved "https://registry.yarnpkg.com/marked/-/marked-15.0.1.tgz#ed4a33b40b631623a1c3e68eb94663de740c5710"
  integrity sha512-VnnE19XO2Vb2oZeH8quAepfrb6Aaz4OoY8yZQACfuy/5KVJ0GxYC0Qxzz/iuc+g5UF7H0HJ+QROfvH26XeBdDA==
