# THIS IS AN AUTOGENERATED FILE. DO NOT EDIT THIS FILE DIRECTLY.
# yarn lockfile v1


marked@^15.0.3:
  version "15.0.3"
  resolved "https://registry.yarnpkg.com/marked/-/marked-15.0.3.tgz#f75ae6ca71aeeaea0cfa2c2f120016ac8373aede"
  integrity sha512-Ai0cepvl2NHnTcO9jYDtcOEtVBNVYR31XnEA3BndO7f5As1wzpcOceSUM8FDkNLJNIODcLpDTWay/qQhqbuMvg==
