# THIS IS AN AUTOGENERATED FILE. DO NOT EDIT THIS FILE DIRECTLY.
# yarn lockfile v1


marked@^14.1.4:
  version "14.1.4"
  resolved "https://registry.yarnpkg.com/marked/-/marked-14.1.4.tgz#5e348de817bfa35a11e71de7e41dd7c3fdb186a9"
  integrity sha512-vkVZ8ONmUdPnjCKc5uTRvmkRbx4EAi2OkTOXmfTDhZz3OFqMNBM1oTTWwTr4HY4uAEojhzPf+Fy8F1DWa3Sndg==
